
Microsoft Visual Studio Solution File, Format Version 12.00
# Visual Studio Version 16
VisualStudioVersion = 16.0.32002.261
MinimumVisualStudioVersion = 10.0.40219.1
Project("{FAE04EC0-301F-11D3-BF4B-00C04F79EFBC}") = "SocketClient", "SocketClient\SocketClient.csproj", "{8D796F31-50CD-4F61-8541-AD4EC1A7116E}"
EndProject
Global
	GlobalSection(SolutionConfigurationPlatforms) = preSolution
		Debug|Any CPU = Debug|Any CPU
		Release|Any CPU = Release|Any CPU
	EndGlobalSection
	GlobalSection(ProjectConfigurationPlatforms) = postSolution
		{8D796F31-50CD-4F61-8541-AD4EC1A7116E}.Debug|Any CPU.ActiveCfg = Debug|Any CPU
		{8D796F31-50CD-4F61-8541-AD4EC1A7116E}.Debug|Any CPU.Build.0 = Debug|Any CPU
		{8D796F31-50CD-4F61-8541-AD4EC1A7116E}.Release|Any CPU.ActiveCfg = Release|Any CPU
		{8D796F31-50CD-4F61-8541-AD4EC1A7116E}.Release|Any CPU.Build.0 = Release|Any CPU
	EndGlobalSection
	GlobalSection(SolutionProperties) = preSolution
		HideSolutionNode = FALSE
	EndGlobalSection
	GlobalSection(ExtensibilityGlobals) = postSolution
		SolutionGuid = {C52CFF21-1CC2-422E-BDA3-3EBE3BEE65DF}
	EndGlobalSection
EndGlobal
