
Microsoft Visual Studio Solution File, Format Version 12.00
# Visual Studio Version 16
VisualStudioVersion = 16.0.32002.261
MinimumVisualStudioVersion = 10.0.40219.1
Project("{FAE04EC0-301F-11D3-BF4B-00C04F79EFBC}") = "SocketServerChat", "SocketServerChat\SocketServerChat.csproj", "{C24A947B-DF3A-4BCB-92D9-CBF848F9FCD7}"
EndProject
Global
	GlobalSection(SolutionConfigurationPlatforms) = preSolution
		Debug|Any CPU = Debug|Any CPU
		Release|Any CPU = Release|Any CPU
	EndGlobalSection
	GlobalSection(ProjectConfigurationPlatforms) = postSolution
		{C24A947B-DF3A-4BCB-92D9-CBF848F9FCD7}.Debug|Any CPU.ActiveCfg = Debug|Any CPU
		{C24A947B-DF3A-4BCB-92D9-CBF848F9FCD7}.Debug|Any CPU.Build.0 = Debug|Any CPU
		{C24A947B-DF3A-4BCB-92D9-CBF848F9FCD7}.Release|Any CPU.ActiveCfg = Release|Any CPU
		{C24A947B-DF3A-4BCB-92D9-CBF848F9FCD7}.Release|Any CPU.Build.0 = Release|Any CPU
	EndGlobalSection
	GlobalSection(SolutionProperties) = preSolution
		HideSolutionNode = FALSE
	EndGlobalSection
	GlobalSection(ExtensibilityGlobals) = postSolution
		SolutionGuid = {6079D948-DB53-4A26-AC5A-99D8FFE091C4}
	EndGlobalSection
EndGlobal
